
Microsoft Visual Studio Solution File, Format Version 11.00
# Visual Studio 2010
Project("{FAE04EC0-301F-11D3-BF4B-00C04F79EFBC}") = "WindowsGame1", "WindowsGame1\WindowsGame1\WindowsGame1.csproj", "{B2E739FD-1C5F-44CF-BB86-92FDC0A86A74}"
EndProject
Project("{96E2B04D-8817-42C6-938A-82C39BA4D311}") = "WindowsGame1Content", "WindowsGame1\WindowsGame1Content\WindowsGame1Content.contentproj", "{04ECE7EA-E2C8-4FCA-B77F-A58620856ACB}"
EndProject
Global
	GlobalSection(SolutionConfigurationPlatforms) = preSolution
		Debug|x86 = Debug|x86
		Release|x86 = Release|x86
	EndGlobalSection
	GlobalSection(ProjectConfigurationPlatforms) = postSolution
		{B2E739FD-1C5F-44CF-BB86-92FDC0A86A74}.Debug|x86.ActiveCfg = Debug|x86
		{B2E739FD-1C5F-44CF-BB86-92FDC0A86A74}.Debug|x86.Build.0 = Debug|x86
		{B2E739FD-1C5F-44CF-BB86-92FDC0A86A74}.Release|x86.ActiveCfg = Release|x86
		{B2E739FD-1C5F-44CF-BB86-92FDC0A86A74}.Release|x86.Build.0 = Release|x86
		{04ECE7EA-E2C8-4FCA-B77F-A58620856ACB}.Debug|x86.ActiveCfg = Debug|x86
		{04ECE7EA-E2C8-4FCA-B77F-A58620856ACB}.Release|x86.ActiveCfg = Release|x86
	EndGlobalSection
	GlobalSection(SolutionProperties) = preSolution
		HideSolutionNode = FALSE
	EndGlobalSection
EndGlobal
