
Microsoft Visual Studio Solution File, Format Version 12.00
# Visual Studio 2012
Project("{FAE04EC0-301F-11D3-BF4B-00C04F79EFBC}") = "Gibbo.Library", "Gibbo.Library\Gibbo.Library.csproj", "{83A66501-726C-4783-97BF-8C2B88BD0544}"
EndProject
Project("{FAE04EC0-301F-11D3-BF4B-00C04F79EFBC}") = "MonoGame.Framework.WindowsGL", "MonoGame-develop\MonoGame.Framework\MonoGame.Framework.WindowsGL.csproj", "{7DE47032-A904-4C29-BD22-2D235E8D91BA}"
EndProject
Project("{FAE04EC0-301F-11D3-BF4B-00C04F79EFBC}") = "Gibbo.Engine.Windows", "Gibbo.Engine.Windows\Gibbo.Engine.Windows.csproj", "{E3AF052A-58C3-4CE3-BDCE-79828971B47A}"
EndProject
Project("{FAE04EC0-301F-11D3-BF4B-00C04F79EFBC}") = "Gibbo.Editor.WPF", "Gibbo.Editor.WPF\Gibbo.Editor.WPF.csproj", "{5880ABEC-A5CC-45A4-A96A-EBE83576A460}"
EndProject
Project("{FAE04EC0-301F-11D3-BF4B-00C04F79EFBC}") = "Gibbo.Editor.Model", "Gibbo.Editor.Model\Gibbo.Editor.Model.csproj", "{7F87F0FE-019D-4E0A-AFA4-48BABA1A5B42}"
EndProject
Project("{FAE04EC0-301F-11D3-BF4B-00C04F79EFBC}") = "Gibbo.Engine.WindowsStore", "Gibbo.Engine.WindowsStore\Gibbo.Engine.WindowsStore.csproj", "{2A5EF536-7655-4AC1-90E8-7F6511328613}"
EndProject
Project("{FAE04EC0-301F-11D3-BF4B-00C04F79EFBC}") = "Gibbo.Library.WinRT", "Gibbo.Library\Gibbo.Library.WinRT.csproj", "{92D54A30-EEE1-4EA2-B12D-EBAA9202FBC9}"
EndProject
Project("{FAE04EC0-301F-11D3-BF4B-00C04F79EFBC}") = "THEREALTEST", "..\..\Documents\Visual Studio 2012\Projects\THEREALTEST\THEREALTEST\THEREALTEST.csproj", "{9688F291-6D4E-4763-81DC-D15A01D39FF5}"
EndProject
Global
	GlobalSection(SolutionConfigurationPlatforms) = preSolution
		Debug|Any CPU = Debug|Any CPU
		Debug|ARM = Debug|ARM
		Debug|Mixed Platforms = Debug|Mixed Platforms
		Debug|x64 = Debug|x64
		Debug|x86 = Debug|x86
		Release|Any CPU = Release|Any CPU
		Release|ARM = Release|ARM
		Release|Mixed Platforms = Release|Mixed Platforms
		Release|x64 = Release|x64
		Release|x86 = Release|x86
	EndGlobalSection
	GlobalSection(ProjectConfigurationPlatforms) = postSolution
		{83A66501-726C-4783-97BF-8C2B88BD0544}.Debug|Any CPU.ActiveCfg = Debug|x86
		{83A66501-726C-4783-97BF-8C2B88BD0544}.Debug|Any CPU.Build.0 = Debug|x86
		{83A66501-726C-4783-97BF-8C2B88BD0544}.Debug|ARM.ActiveCfg = Debug|x86
		{83A66501-726C-4783-97BF-8C2B88BD0544}.Debug|Mixed Platforms.ActiveCfg = Debug|x86
		{83A66501-726C-4783-97BF-8C2B88BD0544}.Debug|Mixed Platforms.Build.0 = Debug|x86
		{83A66501-726C-4783-97BF-8C2B88BD0544}.Debug|x64.ActiveCfg = Debug|x86
		{83A66501-726C-4783-97BF-8C2B88BD0544}.Debug|x86.ActiveCfg = Debug|x86
		{83A66501-726C-4783-97BF-8C2B88BD0544}.Debug|x86.Build.0 = Debug|x86
		{83A66501-726C-4783-97BF-8C2B88BD0544}.Release|Any CPU.ActiveCfg = Release|x86
		{83A66501-726C-4783-97BF-8C2B88BD0544}.Release|Any CPU.Build.0 = Release|x86
		{83A66501-726C-4783-97BF-8C2B88BD0544}.Release|ARM.ActiveCfg = Release|x86
		{83A66501-726C-4783-97BF-8C2B88BD0544}.Release|Mixed Platforms.ActiveCfg = Release|x86
		{83A66501-726C-4783-97BF-8C2B88BD0544}.Release|Mixed Platforms.Build.0 = Release|x86
		{83A66501-726C-4783-97BF-8C2B88BD0544}.Release|x64.ActiveCfg = Release|x86
		{83A66501-726C-4783-97BF-8C2B88BD0544}.Release|x86.ActiveCfg = Release|x86
		{83A66501-726C-4783-97BF-8C2B88BD0544}.Release|x86.Build.0 = Release|x86
		{7DE47032-A904-4C29-BD22-2D235E8D91BA}.Debug|Any CPU.ActiveCfg = Debug|Any CPU
		{7DE47032-A904-4C29-BD22-2D235E8D91BA}.Debug|Any CPU.Build.0 = Debug|Any CPU
		{7DE47032-A904-4C29-BD22-2D235E8D91BA}.Debug|ARM.ActiveCfg = Debug|Any CPU
		{7DE47032-A904-4C29-BD22-2D235E8D91BA}.Debug|Mixed Platforms.ActiveCfg = Debug|Any CPU
		{7DE47032-A904-4C29-BD22-2D235E8D91BA}.Debug|Mixed Platforms.Build.0 = Debug|Any CPU
		{7DE47032-A904-4C29-BD22-2D235E8D91BA}.Debug|x64.ActiveCfg = Debug|Any CPU
		{7DE47032-A904-4C29-BD22-2D235E8D91BA}.Debug|x86.ActiveCfg = Debug|x86
		{7DE47032-A904-4C29-BD22-2D235E8D91BA}.Debug|x86.Build.0 = Debug|x86
		{7DE47032-A904-4C29-BD22-2D235E8D91BA}.Release|Any CPU.ActiveCfg = Release|Any CPU
		{7DE47032-A904-4C29-BD22-2D235E8D91BA}.Release|Any CPU.Build.0 = Release|Any CPU
		{7DE47032-A904-4C29-BD22-2D235E8D91BA}.Release|ARM.ActiveCfg = Release|Any CPU
		{7DE47032-A904-4C29-BD22-2D235E8D91BA}.Release|Mixed Platforms.ActiveCfg = Release|Any CPU
		{7DE47032-A904-4C29-BD22-2D235E8D91BA}.Release|Mixed Platforms.Build.0 = Release|Any CPU
		{7DE47032-A904-4C29-BD22-2D235E8D91BA}.Release|x64.ActiveCfg = Release|Any CPU
		{7DE47032-A904-4C29-BD22-2D235E8D91BA}.Release|x86.ActiveCfg = Release|x86
		{7DE47032-A904-4C29-BD22-2D235E8D91BA}.Release|x86.Build.0 = Release|x86
		{E3AF052A-58C3-4CE3-BDCE-79828971B47A}.Debug|Any CPU.ActiveCfg = Debug|x86
		{E3AF052A-58C3-4CE3-BDCE-79828971B47A}.Debug|ARM.ActiveCfg = Debug|x86
		{E3AF052A-58C3-4CE3-BDCE-79828971B47A}.Debug|Mixed Platforms.ActiveCfg = Debug|x86
		{E3AF052A-58C3-4CE3-BDCE-79828971B47A}.Debug|Mixed Platforms.Build.0 = Debug|x86
		{E3AF052A-58C3-4CE3-BDCE-79828971B47A}.Debug|x64.ActiveCfg = Debug|x86
		{E3AF052A-58C3-4CE3-BDCE-79828971B47A}.Debug|x86.ActiveCfg = Debug|x86
		{E3AF052A-58C3-4CE3-BDCE-79828971B47A}.Debug|x86.Build.0 = Debug|x86
		{E3AF052A-58C3-4CE3-BDCE-79828971B47A}.Release|Any CPU.ActiveCfg = Release|x86
		{E3AF052A-58C3-4CE3-BDCE-79828971B47A}.Release|ARM.ActiveCfg = Release|x86
		{E3AF052A-58C3-4CE3-BDCE-79828971B47A}.Release|Mixed Platforms.ActiveCfg = Release|x86
		{E3AF052A-58C3-4CE3-BDCE-79828971B47A}.Release|Mixed Platforms.Build.0 = Release|x86
		{E3AF052A-58C3-4CE3-BDCE-79828971B47A}.Release|x64.ActiveCfg = Release|x86
		{E3AF052A-58C3-4CE3-BDCE-79828971B47A}.Release|x86.ActiveCfg = Release|x86
		{E3AF052A-58C3-4CE3-BDCE-79828971B47A}.Release|x86.Build.0 = Release|x86
		{5880ABEC-A5CC-45A4-A96A-EBE83576A460}.Debug|Any CPU.ActiveCfg = Debug|Any CPU
		{5880ABEC-A5CC-45A4-A96A-EBE83576A460}.Debug|Any CPU.Build.0 = Debug|Any CPU
		{5880ABEC-A5CC-45A4-A96A-EBE83576A460}.Debug|ARM.ActiveCfg = Debug|Any CPU
		{5880ABEC-A5CC-45A4-A96A-EBE83576A460}.Debug|Mixed Platforms.ActiveCfg = Debug|Any CPU
		{5880ABEC-A5CC-45A4-A96A-EBE83576A460}.Debug|Mixed Platforms.Build.0 = Debug|Any CPU
		{5880ABEC-A5CC-45A4-A96A-EBE83576A460}.Debug|x64.ActiveCfg = Debug|Any CPU
		{5880ABEC-A5CC-45A4-A96A-EBE83576A460}.Debug|x86.ActiveCfg = Debug|Any CPU
		{5880ABEC-A5CC-45A4-A96A-EBE83576A460}.Release|Any CPU.ActiveCfg = Release|Any CPU
		{5880ABEC-A5CC-45A4-A96A-EBE83576A460}.Release|Any CPU.Build.0 = Release|Any CPU
		{5880ABEC-A5CC-45A4-A96A-EBE83576A460}.Release|ARM.ActiveCfg = Release|Any CPU
		{5880ABEC-A5CC-45A4-A96A-EBE83576A460}.Release|Mixed Platforms.ActiveCfg = Release|Any CPU
		{5880ABEC-A5CC-45A4-A96A-EBE83576A460}.Release|Mixed Platforms.Build.0 = Release|Any CPU
		{5880ABEC-A5CC-45A4-A96A-EBE83576A460}.Release|x64.ActiveCfg = Release|Any CPU
		{5880ABEC-A5CC-45A4-A96A-EBE83576A460}.Release|x86.ActiveCfg = Release|Any CPU
		{7F87F0FE-019D-4E0A-AFA4-48BABA1A5B42}.Debug|Any CPU.ActiveCfg = Debug|Any CPU
		{7F87F0FE-019D-4E0A-AFA4-48BABA1A5B42}.Debug|Any CPU.Build.0 = Debug|Any CPU
		{7F87F0FE-019D-4E0A-AFA4-48BABA1A5B42}.Debug|ARM.ActiveCfg = Debug|Any CPU
		{7F87F0FE-019D-4E0A-AFA4-48BABA1A5B42}.Debug|Mixed Platforms.ActiveCfg = Debug|Any CPU
		{7F87F0FE-019D-4E0A-AFA4-48BABA1A5B42}.Debug|Mixed Platforms.Build.0 = Debug|Any CPU
		{7F87F0FE-019D-4E0A-AFA4-48BABA1A5B42}.Debug|x64.ActiveCfg = Debug|Any CPU
		{7F87F0FE-019D-4E0A-AFA4-48BABA1A5B42}.Debug|x86.ActiveCfg = Debug|Any CPU
		{7F87F0FE-019D-4E0A-AFA4-48BABA1A5B42}.Release|Any CPU.ActiveCfg = Release|Any CPU
		{7F87F0FE-019D-4E0A-AFA4-48BABA1A5B42}.Release|Any CPU.Build.0 = Release|Any CPU
		{7F87F0FE-019D-4E0A-AFA4-48BABA1A5B42}.Release|ARM.ActiveCfg = Release|Any CPU
		{7F87F0FE-019D-4E0A-AFA4-48BABA1A5B42}.Release|Mixed Platforms.ActiveCfg = Release|Any CPU
		{7F87F0FE-019D-4E0A-AFA4-48BABA1A5B42}.Release|Mixed Platforms.Build.0 = Release|Any CPU
		{7F87F0FE-019D-4E0A-AFA4-48BABA1A5B42}.Release|x64.ActiveCfg = Release|Any CPU
		{7F87F0FE-019D-4E0A-AFA4-48BABA1A5B42}.Release|x86.ActiveCfg = Release|Any CPU
		{2A5EF536-7655-4AC1-90E8-7F6511328613}.Debug|Any CPU.ActiveCfg = Debug|Any CPU
		{2A5EF536-7655-4AC1-90E8-7F6511328613}.Debug|Any CPU.Build.0 = Debug|Any CPU
		{2A5EF536-7655-4AC1-90E8-7F6511328613}.Debug|Any CPU.Deploy.0 = Debug|Any CPU
		{2A5EF536-7655-4AC1-90E8-7F6511328613}.Debug|ARM.ActiveCfg = Debug|ARM
		{2A5EF536-7655-4AC1-90E8-7F6511328613}.Debug|ARM.Build.0 = Debug|ARM
		{2A5EF536-7655-4AC1-90E8-7F6511328613}.Debug|ARM.Deploy.0 = Debug|ARM
		{2A5EF536-7655-4AC1-90E8-7F6511328613}.Debug|Mixed Platforms.ActiveCfg = Debug|x86
		{2A5EF536-7655-4AC1-90E8-7F6511328613}.Debug|Mixed Platforms.Build.0 = Debug|x86
		{2A5EF536-7655-4AC1-90E8-7F6511328613}.Debug|Mixed Platforms.Deploy.0 = Debug|x86
		{2A5EF536-7655-4AC1-90E8-7F6511328613}.Debug|x64.ActiveCfg = Debug|x64
		{2A5EF536-7655-4AC1-90E8-7F6511328613}.Debug|x64.Build.0 = Debug|x64
		{2A5EF536-7655-4AC1-90E8-7F6511328613}.Debug|x64.Deploy.0 = Debug|x64
		{2A5EF536-7655-4AC1-90E8-7F6511328613}.Debug|x86.ActiveCfg = Debug|x86
		{2A5EF536-7655-4AC1-90E8-7F6511328613}.Debug|x86.Build.0 = Debug|x86
		{2A5EF536-7655-4AC1-90E8-7F6511328613}.Debug|x86.Deploy.0 = Debug|x86
		{2A5EF536-7655-4AC1-90E8-7F6511328613}.Release|Any CPU.ActiveCfg = Release|Any CPU
		{2A5EF536-7655-4AC1-90E8-7F6511328613}.Release|Any CPU.Build.0 = Release|Any CPU
		{2A5EF536-7655-4AC1-90E8-7F6511328613}.Release|Any CPU.Deploy.0 = Release|Any CPU
		{2A5EF536-7655-4AC1-90E8-7F6511328613}.Release|ARM.ActiveCfg = Release|ARM
		{2A5EF536-7655-4AC1-90E8-7F6511328613}.Release|ARM.Build.0 = Release|ARM
		{2A5EF536-7655-4AC1-90E8-7F6511328613}.Release|ARM.Deploy.0 = Release|ARM
		{2A5EF536-7655-4AC1-90E8-7F6511328613}.Release|Mixed Platforms.ActiveCfg = Release|x86
		{2A5EF536-7655-4AC1-90E8-7F6511328613}.Release|Mixed Platforms.Build.0 = Release|x86
		{2A5EF536-7655-4AC1-90E8-7F6511328613}.Release|Mixed Platforms.Deploy.0 = Release|x86
		{2A5EF536-7655-4AC1-90E8-7F6511328613}.Release|x64.ActiveCfg = Release|x64
		{2A5EF536-7655-4AC1-90E8-7F6511328613}.Release|x64.Build.0 = Release|x64
		{2A5EF536-7655-4AC1-90E8-7F6511328613}.Release|x64.Deploy.0 = Release|x64
		{2A5EF536-7655-4AC1-90E8-7F6511328613}.Release|x86.ActiveCfg = Release|x86
		{2A5EF536-7655-4AC1-90E8-7F6511328613}.Release|x86.Build.0 = Release|x86
		{2A5EF536-7655-4AC1-90E8-7F6511328613}.Release|x86.Deploy.0 = Release|x86
		{92D54A30-EEE1-4EA2-B12D-EBAA9202FBC9}.Debug|Any CPU.ActiveCfg = Debug|Any CPU
		{92D54A30-EEE1-4EA2-B12D-EBAA9202FBC9}.Debug|Any CPU.Build.0 = Debug|Any CPU
		{92D54A30-EEE1-4EA2-B12D-EBAA9202FBC9}.Debug|ARM.ActiveCfg = Debug|ARM
		{92D54A30-EEE1-4EA2-B12D-EBAA9202FBC9}.Debug|ARM.Build.0 = Debug|ARM
		{92D54A30-EEE1-4EA2-B12D-EBAA9202FBC9}.Debug|Mixed Platforms.ActiveCfg = Debug|x86
		{92D54A30-EEE1-4EA2-B12D-EBAA9202FBC9}.Debug|Mixed Platforms.Build.0 = Debug|x86
		{92D54A30-EEE1-4EA2-B12D-EBAA9202FBC9}.Debug|x64.ActiveCfg = Debug|x64
		{92D54A30-EEE1-4EA2-B12D-EBAA9202FBC9}.Debug|x64.Build.0 = Debug|x64
		{92D54A30-EEE1-4EA2-B12D-EBAA9202FBC9}.Debug|x86.ActiveCfg = Debug|x86
		{92D54A30-EEE1-4EA2-B12D-EBAA9202FBC9}.Debug|x86.Build.0 = Debug|x86
		{92D54A30-EEE1-4EA2-B12D-EBAA9202FBC9}.Release|Any CPU.ActiveCfg = Release|Any CPU
		{92D54A30-EEE1-4EA2-B12D-EBAA9202FBC9}.Release|Any CPU.Build.0 = Release|Any CPU
		{92D54A30-EEE1-4EA2-B12D-EBAA9202FBC9}.Release|ARM.ActiveCfg = Release|ARM
		{92D54A30-EEE1-4EA2-B12D-EBAA9202FBC9}.Release|ARM.Build.0 = Release|ARM
		{92D54A30-EEE1-4EA2-B12D-EBAA9202FBC9}.Release|Mixed Platforms.ActiveCfg = Release|x86
		{92D54A30-EEE1-4EA2-B12D-EBAA9202FBC9}.Release|Mixed Platforms.Build.0 = Release|x86
		{92D54A30-EEE1-4EA2-B12D-EBAA9202FBC9}.Release|x64.ActiveCfg = Release|x64
		{92D54A30-EEE1-4EA2-B12D-EBAA9202FBC9}.Release|x64.Build.0 = Release|x64
		{92D54A30-EEE1-4EA2-B12D-EBAA9202FBC9}.Release|x86.ActiveCfg = Release|x86
		{92D54A30-EEE1-4EA2-B12D-EBAA9202FBC9}.Release|x86.Build.0 = Release|x86
		{9688F291-6D4E-4763-81DC-D15A01D39FF5}.Debug|Any CPU.ActiveCfg = Debug|Any CPU
		{9688F291-6D4E-4763-81DC-D15A01D39FF5}.Debug|Any CPU.Build.0 = Debug|Any CPU
		{9688F291-6D4E-4763-81DC-D15A01D39FF5}.Debug|Any CPU.Deploy.0 = Debug|Any CPU
		{9688F291-6D4E-4763-81DC-D15A01D39FF5}.Debug|ARM.ActiveCfg = Debug|ARM
		{9688F291-6D4E-4763-81DC-D15A01D39FF5}.Debug|ARM.Build.0 = Debug|ARM
		{9688F291-6D4E-4763-81DC-D15A01D39FF5}.Debug|ARM.Deploy.0 = Debug|ARM
		{9688F291-6D4E-4763-81DC-D15A01D39FF5}.Debug|Mixed Platforms.ActiveCfg = Debug|x86
		{9688F291-6D4E-4763-81DC-D15A01D39FF5}.Debug|Mixed Platforms.Build.0 = Debug|x86
		{9688F291-6D4E-4763-81DC-D15A01D39FF5}.Debug|Mixed Platforms.Deploy.0 = Debug|x86
		{9688F291-6D4E-4763-81DC-D15A01D39FF5}.Debug|x64.ActiveCfg = Debug|x64
		{9688F291-6D4E-4763-81DC-D15A01D39FF5}.Debug|x64.Build.0 = Debug|x64
		{9688F291-6D4E-4763-81DC-D15A01D39FF5}.Debug|x64.Deploy.0 = Debug|x64
		{9688F291-6D4E-4763-81DC-D15A01D39FF5}.Debug|x86.ActiveCfg = Debug|x86
		{9688F291-6D4E-4763-81DC-D15A01D39FF5}.Debug|x86.Build.0 = Debug|x86
		{9688F291-6D4E-4763-81DC-D15A01D39FF5}.Debug|x86.Deploy.0 = Debug|x86
		{9688F291-6D4E-4763-81DC-D15A01D39FF5}.Release|Any CPU.ActiveCfg = Release|Any CPU
		{9688F291-6D4E-4763-81DC-D15A01D39FF5}.Release|Any CPU.Build.0 = Release|Any CPU
		{9688F291-6D4E-4763-81DC-D15A01D39FF5}.Release|Any CPU.Deploy.0 = Release|Any CPU
		{9688F291-6D4E-4763-81DC-D15A01D39FF5}.Release|ARM.ActiveCfg = Release|ARM
		{9688F291-6D4E-4763-81DC-D15A01D39FF5}.Release|ARM.Build.0 = Release|ARM
		{9688F291-6D4E-4763-81DC-D15A01D39FF5}.Release|ARM.Deploy.0 = Release|ARM
		{9688F291-6D4E-4763-81DC-D15A01D39FF5}.Release|Mixed Platforms.ActiveCfg = Release|x86
		{9688F291-6D4E-4763-81DC-D15A01D39FF5}.Release|Mixed Platforms.Build.0 = Release|x86
		{9688F291-6D4E-4763-81DC-D15A01D39FF5}.Release|Mixed Platforms.Deploy.0 = Release|x86
		{9688F291-6D4E-4763-81DC-D15A01D39FF5}.Release|x64.ActiveCfg = Release|x64
		{9688F291-6D4E-4763-81DC-D15A01D39FF5}.Release|x64.Build.0 = Release|x64
		{9688F291-6D4E-4763-81DC-D15A01D39FF5}.Release|x64.Deploy.0 = Release|x64
		{9688F291-6D4E-4763-81DC-D15A01D39FF5}.Release|x86.ActiveCfg = Release|x86
		{9688F291-6D4E-4763-81DC-D15A01D39FF5}.Release|x86.Build.0 = Release|x86
		{9688F291-6D4E-4763-81DC-D15A01D39FF5}.Release|x86.Deploy.0 = Release|x86
	EndGlobalSection
	GlobalSection(SolutionProperties) = preSolution
		HideSolutionNode = FALSE
	EndGlobalSection
EndGlobal
